
Microsoft Visual Studio Solution File, Format Version 12.00
# Visual Studio Version 17
VisualStudioVersion = 17.1.31911.260
MinimumVisualStudioVersion = 10.0.40219.1
Project("{8BC9CEB8-8B4A-11D0-8D11-00A0C91BC942}") = "Problem01", "Problem01\Problem01.vcxproj", "{1999407A-760E-46B0-A48F-8F73C7934575}"
EndProject
Project("{8BC9CEB8-8B4A-11D0-8D11-00A0C91BC942}") = "Problem02", "Problem02\Problem02.vcxproj", "{49F32D4A-203A-42AF-A192-65392C4E8C03}"
EndProject
Project("{8BC9CEB8-8B4A-11D0-8D11-00A0C91BC942}") = "Problem03", "Problem03\Problem03.vcxproj", "{646F1242-E228-4F2D-8AE0-7F661AFEA3DF}"
EndProject
Project("{8BC9CEB8-8B4A-11D0-8D11-00A0C91BC942}") = "Problem04", "Problem04\Problem04.vcxproj", "{1E41A7C6-28C6-4848-A855-862257BEF2FC}"
EndProject
Project("{8BC9CEB8-8B4A-11D0-8D11-00A0C91BC942}") = "Problem05", "Problem05\Problem05.vcxproj", "{0103783E-FFCC-4587-A565-5C339ED1D197}"
EndProject
Project("{8BC9CEB8-8B4A-11D0-8D11-00A0C91BC942}") = "Problem06", "Problem06\Problem06.vcxproj", "{096CD4B7-8483-4FBE-ABCC-9160ADD3B2F8}"
EndProject
Project("{8BC9CEB8-8B4A-11D0-8D11-00A0C91BC942}") = "Problem07", "Problem07\Problem07.vcxproj", "{0A05EBCE-A637-45CE-8D17-885C219BFEE4}"
EndProject
Project("{8BC9CEB8-8B4A-11D0-8D11-00A0C91BC942}") = "Problem08", "Problem08\Problem08.vcxproj", "{4AF26ED5-5B4E-4255-9F6E-CEB7225F99F1}"
EndProject
Project("{8BC9CEB8-8B4A-11D0-8D11-00A0C91BC942}") = "Problem09", "Problem09\Problem09.vcxproj", "{6829A448-3932-4BC5-907A-7C5768052B2B}"
EndProject
Project("{8BC9CEB8-8B4A-11D0-8D11-00A0C91BC942}") = "Problem10", "Problem10\Problem10.vcxproj", "{16221850-FBEC-4AA5-B2EF-12848297EC40}"
EndProject
Project("{8BC9CEB8-8B4A-11D0-8D11-00A0C91BC942}") = "Problem11", "Problem11\Problem11.vcxproj", "{3B27D48B-DA2F-4887-9C08-14E5543CBADE}"
EndProject
Project("{8BC9CEB8-8B4A-11D0-8D11-00A0C91BC942}") = "Problem12", "Problem12\Problem12.vcxproj", "{5FA103E2-F31C-4578-8E86-D53CE1AFF243}"
EndProject
Project("{8BC9CEB8-8B4A-11D0-8D11-00A0C91BC942}") = "Problem13", "Problem13\Problem13.vcxproj", "{0E910425-F4F3-4842-88C3-355594393CB0}"
EndProject
Project("{8BC9CEB8-8B4A-11D0-8D11-00A0C91BC942}") = "Problem14", "Problem14\Problem14.vcxproj", "{3C728C44-D239-4392-97E1-B21257C25A54}"
EndProject
Project("{8BC9CEB8-8B4A-11D0-8D11-00A0C91BC942}") = "Problem15", "Problem15\Problem15.vcxproj", "{35D94EA5-A583-4930-BA54-537E2BADB10A}"
EndProject
Global
	GlobalSection(SolutionConfigurationPlatforms) = preSolution
		Debug|x64 = Debug|x64
		Debug|x86 = Debug|x86
		Release|x64 = Release|x64
		Release|x86 = Release|x86
	EndGlobalSection
	GlobalSection(ProjectConfigurationPlatforms) = postSolution
		{1999407A-760E-46B0-A48F-8F73C7934575}.Debug|x64.ActiveCfg = Debug|x64
		{1999407A-760E-46B0-A48F-8F73C7934575}.Debug|x64.Build.0 = Debug|x64
		{1999407A-760E-46B0-A48F-8F73C7934575}.Debug|x86.ActiveCfg = Debug|Win32
		{1999407A-760E-46B0-A48F-8F73C7934575}.Debug|x86.Build.0 = Debug|Win32
		{1999407A-760E-46B0-A48F-8F73C7934575}.Release|x64.ActiveCfg = Release|x64
		{1999407A-760E-46B0-A48F-8F73C7934575}.Release|x64.Build.0 = Release|x64
		{1999407A-760E-46B0-A48F-8F73C7934575}.Release|x86.ActiveCfg = Release|Win32
		{1999407A-760E-46B0-A48F-8F73C7934575}.Release|x86.Build.0 = Release|Win32
		{49F32D4A-203A-42AF-A192-65392C4E8C03}.Debug|x64.ActiveCfg = Debug|x64
		{49F32D4A-203A-42AF-A192-65392C4E8C03}.Debug|x64.Build.0 = Debug|x64
		{49F32D4A-203A-42AF-A192-65392C4E8C03}.Debug|x86.ActiveCfg = Debug|Win32
		{49F32D4A-203A-42AF-A192-65392C4E8C03}.Debug|x86.Build.0 = Debug|Win32
		{49F32D4A-203A-42AF-A192-65392C4E8C03}.Release|x64.ActiveCfg = Release|x64
		{49F32D4A-203A-42AF-A192-65392C4E8C03}.Release|x64.Build.0 = Release|x64
		{49F32D4A-203A-42AF-A192-65392C4E8C03}.Release|x86.ActiveCfg = Release|Win32
		{49F32D4A-203A-42AF-A192-65392C4E8C03}.Release|x86.Build.0 = Release|Win32
		{646F1242-E228-4F2D-8AE0-7F661AFEA3DF}.Debug|x64.ActiveCfg = Debug|x64
		{646F1242-E228-4F2D-8AE0-7F661AFEA3DF}.Debug|x64.Build.0 = Debug|x64
		{646F1242-E228-4F2D-8AE0-7F661AFEA3DF}.Debug|x86.ActiveCfg = Debug|Win32
		{646F1242-E228-4F2D-8AE0-7F661AFEA3DF}.Debug|x86.Build.0 = Debug|Win32
		{646F1242-E228-4F2D-8AE0-7F661AFEA3DF}.Release|x64.ActiveCfg = Release|x64
		{646F1242-E228-4F2D-8AE0-7F661AFEA3DF}.Release|x64.Build.0 = Release|x64
		{646F1242-E228-4F2D-8AE0-7F661AFEA3DF}.Release|x86.ActiveCfg = Release|Win32
		{646F1242-E228-4F2D-8AE0-7F661AFEA3DF}.Release|x86.Build.0 = Release|Win32
		{1E41A7C6-28C6-4848-A855-862257BEF2FC}.Debug|x64.ActiveCfg = Debug|x64
		{1E41A7C6-28C6-4848-A855-862257BEF2FC}.Debug|x64.Build.0 = Debug|x64
		{1E41A7C6-28C6-4848-A855-862257BEF2FC}.Debug|x86.ActiveCfg = Debug|Win32
		{1E41A7C6-28C6-4848-A855-862257BEF2FC}.Debug|x86.Build.0 = Debug|Win32
		{1E41A7C6-28C6-4848-A855-862257BEF2FC}.Release|x64.ActiveCfg = Release|x64
		{1E41A7C6-28C6-4848-A855-862257BEF2FC}.Release|x64.Build.0 = Release|x64
		{1E41A7C6-28C6-4848-A855-862257BEF2FC}.Release|x86.ActiveCfg = Release|Win32
		{1E41A7C6-28C6-4848-A855-862257BEF2FC}.Release|x86.Build.0 = Release|Win32
		{0103783E-FFCC-4587-A565-5C339ED1D197}.Debug|x64.ActiveCfg = Debug|x64
		{0103783E-FFCC-4587-A565-5C339ED1D197}.Debug|x64.Build.0 = Debug|x64
		{0103783E-FFCC-4587-A565-5C339ED1D197}.Debug|x86.ActiveCfg = Debug|Win32
		{0103783E-FFCC-4587-A565-5C339ED1D197}.Debug|x86.Build.0 = Debug|Win32
		{0103783E-FFCC-4587-A565-5C339ED1D197}.Release|x64.ActiveCfg = Release|x64
		{0103783E-FFCC-4587-A565-5C339ED1D197}.Release|x64.Build.0 = Release|x64
		{0103783E-FFCC-4587-A565-5C339ED1D197}.Release|x86.ActiveCfg = Release|Win32
		{0103783E-FFCC-4587-A565-5C339ED1D197}.Release|x86.Build.0 = Release|Win32
		{096CD4B7-8483-4FBE-ABCC-9160ADD3B2F8}.Debug|x64.ActiveCfg = Debug|x64
		{096CD4B7-8483-4FBE-ABCC-9160ADD3B2F8}.Debug|x64.Build.0 = Debug|x64
		{096CD4B7-8483-4FBE-ABCC-9160ADD3B2F8}.Debug|x86.ActiveCfg = Debug|Win32
		{096CD4B7-8483-4FBE-ABCC-9160ADD3B2F8}.Debug|x86.Build.0 = Debug|Win32
		{096CD4B7-8483-4FBE-ABCC-9160ADD3B2F8}.Release|x64.ActiveCfg = Release|x64
		{096CD4B7-8483-4FBE-ABCC-9160ADD3B2F8}.Release|x64.Build.0 = Release|x64
		{096CD4B7-8483-4FBE-ABCC-9160ADD3B2F8}.Release|x86.ActiveCfg = Release|Win32
		{096CD4B7-8483-4FBE-ABCC-9160ADD3B2F8}.Release|x86.Build.0 = Release|Win32
		{0A05EBCE-A637-45CE-8D17-885C219BFEE4}.Debug|x64.ActiveCfg = Debug|x64
		{0A05EBCE-A637-45CE-8D17-885C219BFEE4}.Debug|x64.Build.0 = Debug|x64
		{0A05EBCE-A637-45CE-8D17-885C219BFEE4}.Debug|x86.ActiveCfg = Debug|Win32
		{0A05EBCE-A637-45CE-8D17-885C219BFEE4}.Debug|x86.Build.0 = Debug|Win32
		{0A05EBCE-A637-45CE-8D17-885C219BFEE4}.Release|x64.ActiveCfg = Release|x64
		{0A05EBCE-A637-45CE-8D17-885C219BFEE4}.Release|x64.Build.0 = Release|x64
		{0A05EBCE-A637-45CE-8D17-885C219BFEE4}.Release|x86.ActiveCfg = Release|Win32
		{0A05EBCE-A637-45CE-8D17-885C219BFEE4}.Release|x86.Build.0 = Release|Win32
		{4AF26ED5-5B4E-4255-9F6E-CEB7225F99F1}.Debug|x64.ActiveCfg = Debug|x64
		{4AF26ED5-5B4E-4255-9F6E-CEB7225F99F1}.Debug|x64.Build.0 = Debug|x64
		{4AF26ED5-5B4E-4255-9F6E-CEB7225F99F1}.Debug|x86.ActiveCfg = Debug|Win32
		{4AF26ED5-5B4E-4255-9F6E-CEB7225F99F1}.Debug|x86.Build.0 = Debug|Win32
		{4AF26ED5-5B4E-4255-9F6E-CEB7225F99F1}.Release|x64.ActiveCfg = Release|x64
		{4AF26ED5-5B4E-4255-9F6E-CEB7225F99F1}.Release|x64.Build.0 = Release|x64
		{4AF26ED5-5B4E-4255-9F6E-CEB7225F99F1}.Release|x86.ActiveCfg = Release|Win32
		{4AF26ED5-5B4E-4255-9F6E-CEB7225F99F1}.Release|x86.Build.0 = Release|Win32
		{6829A448-3932-4BC5-907A-7C5768052B2B}.Debug|x64.ActiveCfg = Debug|x64
		{6829A448-3932-4BC5-907A-7C5768052B2B}.Debug|x64.Build.0 = Debug|x64
		{6829A448-3932-4BC5-907A-7C5768052B2B}.Debug|x86.ActiveCfg = Debug|Win32
		{6829A448-3932-4BC5-907A-7C5768052B2B}.Debug|x86.Build.0 = Debug|Win32
		{6829A448-3932-4BC5-907A-7C5768052B2B}.Release|x64.ActiveCfg = Release|x64
		{6829A448-3932-4BC5-907A-7C5768052B2B}.Release|x64.Build.0 = Release|x64
		{6829A448-3932-4BC5-907A-7C5768052B2B}.Release|x86.ActiveCfg = Release|Win32
		{6829A448-3932-4BC5-907A-7C5768052B2B}.Release|x86.Build.0 = Release|Win32
		{16221850-FBEC-4AA5-B2EF-12848297EC40}.Debug|x64.ActiveCfg = Debug|x64
		{16221850-FBEC-4AA5-B2EF-12848297EC40}.Debug|x64.Build.0 = Debug|x64
		{16221850-FBEC-4AA5-B2EF-12848297EC40}.Debug|x86.ActiveCfg = Debug|Win32
		{16221850-FBEC-4AA5-B2EF-12848297EC40}.Debug|x86.Build.0 = Debug|Win32
		{16221850-FBEC-4AA5-B2EF-12848297EC40}.Release|x64.ActiveCfg = Release|x64
		{16221850-FBEC-4AA5-B2EF-12848297EC40}.Release|x64.Build.0 = Release|x64
		{16221850-FBEC-4AA5-B2EF-12848297EC40}.Release|x86.ActiveCfg = Release|Win32
		{16221850-FBEC-4AA5-B2EF-12848297EC40}.Release|x86.Build.0 = Release|Win32
		{3B27D48B-DA2F-4887-9C08-14E5543CBADE}.Debug|x64.ActiveCfg = Debug|x64
		{3B27D48B-DA2F-4887-9C08-14E5543CBADE}.Debug|x64.Build.0 = Debug|x64
		{3B27D48B-DA2F-4887-9C08-14E5543CBADE}.Debug|x86.ActiveCfg = Debug|Win32
		{3B27D48B-DA2F-4887-9C08-14E5543CBADE}.Debug|x86.Build.0 = Debug|Win32
		{3B27D48B-DA2F-4887-9C08-14E5543CBADE}.Release|x64.ActiveCfg = Release|x64
		{3B27D48B-DA2F-4887-9C08-14E5543CBADE}.Release|x64.Build.0 = Release|x64
		{3B27D48B-DA2F-4887-9C08-14E5543CBADE}.Release|x86.ActiveCfg = Release|Win32
		{3B27D48B-DA2F-4887-9C08-14E5543CBADE}.Release|x86.Build.0 = Release|Win32
		{5FA103E2-F31C-4578-8E86-D53CE1AFF243}.Debug|x64.ActiveCfg = Debug|x64
		{5FA103E2-F31C-4578-8E86-D53CE1AFF243}.Debug|x64.Build.0 = Debug|x64
		{5FA103E2-F31C-4578-8E86-D53CE1AFF243}.Debug|x86.ActiveCfg = Debug|Win32
		{5FA103E2-F31C-4578-8E86-D53CE1AFF243}.Debug|x86.Build.0 = Debug|Win32
		{5FA103E2-F31C-4578-8E86-D53CE1AFF243}.Release|x64.ActiveCfg = Release|x64
		{5FA103E2-F31C-4578-8E86-D53CE1AFF243}.Release|x64.Build.0 = Release|x64
		{5FA103E2-F31C-4578-8E86-D53CE1AFF243}.Release|x86.ActiveCfg = Release|Win32
		{5FA103E2-F31C-4578-8E86-D53CE1AFF243}.Release|x86.Build.0 = Release|Win32
		{0E910425-F4F3-4842-88C3-355594393CB0}.Debug|x64.ActiveCfg = Debug|x64
		{0E910425-F4F3-4842-88C3-355594393CB0}.Debug|x64.Build.0 = Debug|x64
		{0E910425-F4F3-4842-88C3-355594393CB0}.Debug|x86.ActiveCfg = Debug|Win32
		{0E910425-F4F3-4842-88C3-355594393CB0}.Debug|x86.Build.0 = Debug|Win32
		{0E910425-F4F3-4842-88C3-355594393CB0}.Release|x64.ActiveCfg = Release|x64
		{0E910425-F4F3-4842-88C3-355594393CB0}.Release|x64.Build.0 = Release|x64
		{0E910425-F4F3-4842-88C3-355594393CB0}.Release|x86.ActiveCfg = Release|Win32
		{0E910425-F4F3-4842-88C3-355594393CB0}.Release|x86.Build.0 = Release|Win32
		{3C728C44-D239-4392-97E1-B21257C25A54}.Debug|x64.ActiveCfg = Debug|x64
		{3C728C44-D239-4392-97E1-B21257C25A54}.Debug|x64.Build.0 = Debug|x64
		{3C728C44-D239-4392-97E1-B21257C25A54}.Debug|x86.ActiveCfg = Debug|Win32
		{3C728C44-D239-4392-97E1-B21257C25A54}.Debug|x86.Build.0 = Debug|Win32
		{3C728C44-D239-4392-97E1-B21257C25A54}.Release|x64.ActiveCfg = Release|x64
		{3C728C44-D239-4392-97E1-B21257C25A54}.Release|x64.Build.0 = Release|x64
		{3C728C44-D239-4392-97E1-B21257C25A54}.Release|x86.ActiveCfg = Release|Win32
		{3C728C44-D239-4392-97E1-B21257C25A54}.Release|x86.Build.0 = Release|Win32
		{35D94EA5-A583-4930-BA54-537E2BADB10A}.Debug|x64.ActiveCfg = Debug|x64
		{35D94EA5-A583-4930-BA54-537E2BADB10A}.Debug|x64.Build.0 = Debug|x64
		{35D94EA5-A583-4930-BA54-537E2BADB10A}.Debug|x86.ActiveCfg = Debug|Win32
		{35D94EA5-A583-4930-BA54-537E2BADB10A}.Debug|x86.Build.0 = Debug|Win32
		{35D94EA5-A583-4930-BA54-537E2BADB10A}.Release|x64.ActiveCfg = Release|x64
		{35D94EA5-A583-4930-BA54-537E2BADB10A}.Release|x64.Build.0 = Release|x64
		{35D94EA5-A583-4930-BA54-537E2BADB10A}.Release|x86.ActiveCfg = Release|Win32
		{35D94EA5-A583-4930-BA54-537E2BADB10A}.Release|x86.Build.0 = Release|Win32
	EndGlobalSection
	GlobalSection(SolutionProperties) = preSolution
		HideSolutionNode = FALSE
	EndGlobalSection
	GlobalSection(ExtensibilityGlobals) = postSolution
		SolutionGuid = {7C271C20-D3EC-43DB-8D27-FE4EA5FA2390}
	EndGlobalSection
EndGlobal
